
Microsoft Visual Studio Solution File, Format Version 12.00
Project("{FAE04EC0-301F-11D3-BF4B-00C04F79EFBC}") = "Parser", "Parser\Parser.csproj", "{D79F5B8E-76C8-40A5-810D-12DAD4A8BE2B}"
EndProject
Project("{FAE04EC0-301F-11D3-BF4B-00C04F79EFBC}") = "ErrFmt", "ErrFmt\ErrFmt.csproj", "{326CA1B2-E6A2-455D-AFE8-1610E699DBAE}"
EndProject
Project("{FAE04EC0-301F-11D3-BF4B-00C04F79EFBC}") = "Parser.Tests", "Parser.Tests\Parser.Tests.csproj", "{044D9745-3268-443C-BED5-D8233C8179F1}"
EndProject
Global
	GlobalSection(SolutionConfigurationPlatforms) = preSolution
		Debug|Any CPU = Debug|Any CPU
		Release|Any CPU = Release|Any CPU
	EndGlobalSection
	GlobalSection(ProjectConfigurationPlatforms) = postSolution
		{D79F5B8E-76C8-40A5-810D-12DAD4A8BE2B}.Debug|Any CPU.ActiveCfg = Debug|Any CPU
		{D79F5B8E-76C8-40A5-810D-12DAD4A8BE2B}.Debug|Any CPU.Build.0 = Debug|Any CPU
		{D79F5B8E-76C8-40A5-810D-12DAD4A8BE2B}.Release|Any CPU.ActiveCfg = Release|Any CPU
		{D79F5B8E-76C8-40A5-810D-12DAD4A8BE2B}.Release|Any CPU.Build.0 = Release|Any CPU
		{326CA1B2-E6A2-455D-AFE8-1610E699DBAE}.Debug|Any CPU.ActiveCfg = Debug|Any CPU
		{326CA1B2-E6A2-455D-AFE8-1610E699DBAE}.Debug|Any CPU.Build.0 = Debug|Any CPU
		{326CA1B2-E6A2-455D-AFE8-1610E699DBAE}.Release|Any CPU.ActiveCfg = Release|Any CPU
		{326CA1B2-E6A2-455D-AFE8-1610E699DBAE}.Release|Any CPU.Build.0 = Release|Any CPU
		{044D9745-3268-443C-BED5-D8233C8179F1}.Debug|Any CPU.ActiveCfg = Debug|Any CPU
		{044D9745-3268-443C-BED5-D8233C8179F1}.Debug|Any CPU.Build.0 = Debug|Any CPU
		{044D9745-3268-443C-BED5-D8233C8179F1}.Release|Any CPU.ActiveCfg = Release|Any CPU
		{044D9745-3268-443C-BED5-D8233C8179F1}.Release|Any CPU.Build.0 = Release|Any CPU
	EndGlobalSection
EndGlobal
